
Microsoft Visual Studio Solution File, Format Version 12.00
# Visual Studio Version 17
VisualStudioVersion = 17.11.35431.28
MinimumVisualStudioVersion = 10.0.40219.1
Project("{FAE04EC0-301F-11D3-BF4B-00C04F79EFBC}") = "Undo Operations in a Calculator", "Undo Operations in a Calculator\Undo Operations in a Calculator.csproj", "{CC7FDF6B-B61A-4F53-96B5-4944F1094889}"
EndProject
Global
	GlobalSection(SolutionConfigurationPlatforms) = preSolution
		Debug|Any CPU = Debug|Any CPU
		Release|Any CPU = Release|Any CPU
	EndGlobalSection
	GlobalSection(ProjectConfigurationPlatforms) = postSolution
		{CC7FDF6B-B61A-4F53-96B5-4944F1094889}.Debug|Any CPU.ActiveCfg = Debug|Any CPU
		{CC7FDF6B-B61A-4F53-96B5-4944F1094889}.Debug|Any CPU.Build.0 = Debug|Any CPU
		{CC7FDF6B-B61A-4F53-96B5-4944F1094889}.Release|Any CPU.ActiveCfg = Release|Any CPU
		{CC7FDF6B-B61A-4F53-96B5-4944F1094889}.Release|Any CPU.Build.0 = Release|Any CPU
	EndGlobalSection
	GlobalSection(SolutionProperties) = preSolution
		HideSolutionNode = FALSE
	EndGlobalSection
	GlobalSection(ExtensibilityGlobals) = postSolution
		SolutionGuid = {DC5EBC4D-C69C-4D45-A538-66D150F4E2E7}
	EndGlobalSection
EndGlobal
