
Microsoft Visual Studio Solution File, Format Version 12.00
# Visual Studio Version 17
VisualStudioVersion = 17.11.35327.3
MinimumVisualStudioVersion = 10.0.40219.1
Project("{FAE04EC0-301F-11D3-BF4B-00C04F79EFBC}") = "ConsoleApp1", "ConsoleApp1\ConsoleApp1.csproj", "{716BCC18-573B-4CAD-85DB-A72FAC0D12DD}"
EndProject
Global
	GlobalSection(SolutionConfigurationPlatforms) = preSolution
		Debug|Any CPU = Debug|Any CPU
		Release|Any CPU = Release|Any CPU
	EndGlobalSection
	GlobalSection(ProjectConfigurationPlatforms) = postSolution
		{716BCC18-573B-4CAD-85DB-A72FAC0D12DD}.Debug|Any CPU.ActiveCfg = Debug|Any CPU
		{716BCC18-573B-4CAD-85DB-A72FAC0D12DD}.Debug|Any CPU.Build.0 = Debug|Any CPU
		{716BCC18-573B-4CAD-85DB-A72FAC0D12DD}.Release|Any CPU.ActiveCfg = Release|Any CPU
		{716BCC18-573B-4CAD-85DB-A72FAC0D12DD}.Release|Any CPU.Build.0 = Release|Any CPU
	EndGlobalSection
	GlobalSection(SolutionProperties) = preSolution
		HideSolutionNode = FALSE
	EndGlobalSection
	GlobalSection(ExtensibilityGlobals) = postSolution
		SolutionGuid = {CCDE6019-916C-4304-A42B-A6EC76ED4561}
	EndGlobalSection
EndGlobal
